# This file is automatically @generated by Cargo.
# It is not intended for manual editing.
[[package]]
name = "lazy_static"
version = "1.4.0"
source = "registry+https://github.com/rust-lang/crates.io-index"
checksum = "e2abad23fbc42b3700f2f279844dc832adb2b2eb069b2df918f455c4e18cc646"
dependencies = [
 "spin 0.5.2",
]

[[package]]
name = "linked_list_allocator"
version = "0.6.6"
source = "registry+https://github.com/rust-lang/crates.io-index"
checksum = "47de1a43fad0250ee197e9e124e5b5deab3d7b39d4428ae8a6d741ceb340c362"
dependencies = [
 "spin 0.5.2",
]

[[package]]
name = "lock_api"
version = "0.4.2"
source = "registry+https://github.com/rust-lang/crates.io-index"
checksum = "dd96ffd135b2fd7b973ac026d28085defbe8983df057ced3eb4f2130b0831312"
dependencies = [
 "scopeguard",
]

[[package]]
name = "scopeguard"
version = "1.1.0"
source = "registry+https://github.com/rust-lang/crates.io-index"
checksum = "d29ab0c6d3fc0ee92fe66e2d99f700eab17a8d57d1c1d3b748380fb20baa78cd"

[[package]]
name = "slab_allocator"
version = "0.3.5"
source = "registry+https://github.com/rust-lang/crates.io-index"
checksum = "84b23a7a49492db597d7a0dda8a109ea944cf603094dd1c6225179c1ffed357b"
dependencies = [
 "linked_list_allocator",
 "spin 0.4.10",
]

[[package]]
name = "spin"
version = "0.4.10"
source = "registry+https://github.com/rust-lang/crates.io-index"
checksum = "ceac490aa12c567115b40b7b7fceca03a6c9d53d5defea066123debc83c5dc1f"

[[package]]
name = "spin"
version = "0.5.2"
source = "registry+https://github.com/rust-lang/crates.io-index"
checksum = "6e63cff320ae2c57904679ba7cb63280a3dc4613885beafb148ee7bf9aa9042d"

[[package]]
name = "spin"
version = "0.7.0"
source = "registry+https://github.com/rust-lang/crates.io-index"
checksum = "652ac3743312871a5fb703f0337e68ffa3cdc28c863efad0b8dc858fa10c991b"

[[package]]
name = "spinning_top"
version = "0.2.2"
source = "registry+https://github.com/rust-lang/crates.io-index"
checksum = "7e529d73e80d64b5f2631f9035113347c578a1c9c7774b83a2b880788459ab36"
dependencies = [
 "lock_api",
]

[[package]]
name = "t_xkernel"
version = "0.1.0"
dependencies = [
 "lazy_static",
 "slab_allocator",
 "spin 0.7.0",
 "spinning_top",
 "volatile",
]

[[package]]
name = "trident"
version = "0.1.0"
dependencies = [
 "t_xkernel",
]

[[package]]
name = "volatile"
version = "0.4.2"
source = "registry+https://github.com/rust-lang/crates.io-index"
checksum = "8b53d47a0f279fc0a9d9d1d82f4c6f313eb63b73e2a85d9c27fd609084cfa08f"
